
Microsoft Visual Studio Solution File, Format Version 12.00
Project("{FAE04EC0-301F-11D3-BF4B-00C04F79EFBC}") = "TestApp", "src\TestApp\TestApp.csproj", "{70FE5BF2-AE1B-4D1D-915A-7D0AD98D18E5}"
EndProject
Project("{FAE04EC0-301F-11D3-BF4B-00C04F79EFBC}") = "TestLibrary", "src\TestLibrary\TestLibrary.csproj", "{20868650-CCE2-4551-AE36-71E0BACBEC61}"
EndProject
Global
	GlobalSection(SolutionConfigurationPlatforms) = preSolution
		Debug|Any CPU = Debug|Any CPU
		Release|Any CPU = Release|Any CPU
	EndGlobalSection
	GlobalSection(ProjectConfigurationPlatforms) = postSolution
		{70FE5BF2-AE1B-4D1D-915A-7D0AD98D18E5}.Debug|Any CPU.ActiveCfg = Debug|Any CPU
		{70FE5BF2-AE1B-4D1D-915A-7D0AD98D18E5}.Debug|Any CPU.Build.0 = Debug|Any CPU
		{70FE5BF2-AE1B-4D1D-915A-7D0AD98D18E5}.Release|Any CPU.ActiveCfg = Release|Any CPU
		{70FE5BF2-AE1B-4D1D-915A-7D0AD98D18E5}.Release|Any CPU.Build.0 = Release|Any CPU
		{20868650-CCE2-4551-AE36-71E0BACBEC61}.Debug|Any CPU.ActiveCfg = Debug|Any CPU
		{20868650-CCE2-4551-AE36-71E0BACBEC61}.Debug|Any CPU.Build.0 = Debug|Any CPU
		{20868650-CCE2-4551-AE36-71E0BACBEC61}.Release|Any CPU.ActiveCfg = Release|Any CPU
		{20868650-CCE2-4551-AE36-71E0BACBEC61}.Release|Any CPU.Build.0 = Release|Any CPU
	EndGlobalSection
EndGlobal
